
Microsoft Visual Studio Solution File, Format Version 9.00
# Visual Studio 2005
Project("{8BC9CEB8-8B4A-11D0-8D11-00A0C91BC942}") = "LhaForge", "LhaForge\LhaForge.vcproj", "{F8574620-45A9-4ED5-AC5D-10ECEB4CF57B}"
EndProject
Global
	GlobalSection(SolutionConfigurationPlatforms) = preSolution
		Debug|Win32 = Debug|Win32
		Release|Win32 = Release|Win32
	EndGlobalSection
	GlobalSection(ProjectConfigurationPlatforms) = postSolution
		{F8574620-45A9-4ED5-AC5D-10ECEB4CF57B}.Debug|Win32.ActiveCfg = Debug|Win32
		{F8574620-45A9-4ED5-AC5D-10ECEB4CF57B}.Debug|Win32.Build.0 = Debug|Win32
		{F8574620-45A9-4ED5-AC5D-10ECEB4CF57B}.Release|Win32.ActiveCfg = Release|Win32
		{F8574620-45A9-4ED5-AC5D-10ECEB4CF57B}.Release|Win32.Build.0 = Release|Win32
	EndGlobalSection
	GlobalSection(SolutionProperties) = preSolution
		HideSolutionNode = FALSE
	EndGlobalSection
EndGlobal
