
Microsoft Visual Studio Solution File, Format Version 12.00
# Visual Studio Version 16
VisualStudioVersion = 16.0.31205.134
MinimumVisualStudioVersion = 10.0.40219.1
Project("{8BC9CEB8-8B4A-11D0-8D11-00A0C91BC942}") = "LhaForge", "LhaForge\LhaForge.vcxproj", "{F8574620-45A9-4ED5-AC5D-10ECEB4CF57B}"
EndProject
Project("{8BC9CEB8-8B4A-11D0-8D11-00A0C91BC942}") = "libbz2", "dependency\libarchive\bzip2\libbz2.vcxproj", "{B21147C0-D52F-406C-8C55-22868335ADA3}"
EndProject
Project("{2150E333-8FDC-42A3-9474-1A3956D46DE8}") = "Libs", "Libs", "{EF455336-F1F0-45EA-8D27-622A00D2D828}"
EndProject
Project("{8BC9CEB8-8B4A-11D0-8D11-00A0C91BC942}") = "archive_static", "dependency\libarchive\libarchive\archive_static.vcxproj", "{131B9EEF-9725-30A9-842F-7C244500C1EC}"
EndProject
Project("{8BC9CEB8-8B4A-11D0-8D11-00A0C91BC942}") = "libcharset", "dependency\libarchive\libcharset\libcharset.vcxproj", "{FDDFF1F1-5DC5-4879-8BEE-CF8A6B2EB855}"
EndProject
Project("{8BC9CEB8-8B4A-11D0-8D11-00A0C91BC942}") = "liblz4", "dependency\libarchive\lz4\liblz4.vcxproj", "{9092C5CC-3E71-41B3-BF68-4A7BDD8A5476}"
EndProject
Project("{8BC9CEB8-8B4A-11D0-8D11-00A0C91BC942}") = "win-iconv", "dependency\libarchive\win-iconv\win-iconv.vcxproj", "{31C02A3C-757F-4DCC-8F69-280C43DF14D6}"
EndProject
Project("{8BC9CEB8-8B4A-11D0-8D11-00A0C91BC942}") = "zlibstatic", "dependency\libarchive\zlib-ng\zlibstatic.vcxproj", "{2C895043-853B-3BBA-B2D7-DEDD58611D69}"
EndProject
Project("{8BC9CEB8-8B4A-11D0-8D11-00A0C91BC942}") = "libzstd", "dependency\libarchive\zstd\libzstd.vcxproj", "{8BFD8150-94D5-4BF9-8A50-7BD9929A0850}"
EndProject
Project("{8BC9CEB8-8B4A-11D0-8D11-00A0C91BC942}") = "liblzma", "dependency\libarchive\xzutils\liblzma.vcxproj", "{12728250-16EC-4DC6-94D7-E21DD88947F8}"
EndProject
Global
	GlobalSection(SolutionConfigurationPlatforms) = preSolution
		Debug|Win32 = Debug|Win32
		Debug|x64 = Debug|x64
		Release|Win32 = Release|Win32
		Release|x64 = Release|x64
		UnitTest|Win32 = UnitTest|Win32
		UnitTest|x64 = UnitTest|x64
	EndGlobalSection
	GlobalSection(ProjectConfigurationPlatforms) = postSolution
		{F8574620-45A9-4ED5-AC5D-10ECEB4CF57B}.Debug|Win32.ActiveCfg = Debug|Win32
		{F8574620-45A9-4ED5-AC5D-10ECEB4CF57B}.Debug|Win32.Build.0 = Debug|Win32
		{F8574620-45A9-4ED5-AC5D-10ECEB4CF57B}.Debug|x64.ActiveCfg = Debug|Win32
		{F8574620-45A9-4ED5-AC5D-10ECEB4CF57B}.Release|Win32.ActiveCfg = Release|Win32
		{F8574620-45A9-4ED5-AC5D-10ECEB4CF57B}.Release|Win32.Build.0 = Release|Win32
		{F8574620-45A9-4ED5-AC5D-10ECEB4CF57B}.Release|x64.ActiveCfg = Release|Win32
		{F8574620-45A9-4ED5-AC5D-10ECEB4CF57B}.UnitTest|Win32.ActiveCfg = UnitTest|Win32
		{F8574620-45A9-4ED5-AC5D-10ECEB4CF57B}.UnitTest|Win32.Build.0 = UnitTest|Win32
		{F8574620-45A9-4ED5-AC5D-10ECEB4CF57B}.UnitTest|x64.ActiveCfg = UnitTest|Win32
		{B21147C0-D52F-406C-8C55-22868335ADA3}.Debug|Win32.ActiveCfg = Debug|Win32
		{B21147C0-D52F-406C-8C55-22868335ADA3}.Debug|Win32.Build.0 = Debug|Win32
		{B21147C0-D52F-406C-8C55-22868335ADA3}.Debug|x64.ActiveCfg = Debug|x64
		{B21147C0-D52F-406C-8C55-22868335ADA3}.Debug|x64.Build.0 = Debug|x64
		{B21147C0-D52F-406C-8C55-22868335ADA3}.Release|Win32.ActiveCfg = Release|Win32
		{B21147C0-D52F-406C-8C55-22868335ADA3}.Release|Win32.Build.0 = Release|Win32
		{B21147C0-D52F-406C-8C55-22868335ADA3}.Release|x64.ActiveCfg = Release|x64
		{B21147C0-D52F-406C-8C55-22868335ADA3}.Release|x64.Build.0 = Release|x64
		{B21147C0-D52F-406C-8C55-22868335ADA3}.UnitTest|Win32.ActiveCfg = Release|Win32
		{B21147C0-D52F-406C-8C55-22868335ADA3}.UnitTest|Win32.Build.0 = Release|Win32
		{B21147C0-D52F-406C-8C55-22868335ADA3}.UnitTest|x64.ActiveCfg = Debug|x64
		{B21147C0-D52F-406C-8C55-22868335ADA3}.UnitTest|x64.Build.0 = Debug|x64
		{131B9EEF-9725-30A9-842F-7C244500C1EC}.Debug|Win32.ActiveCfg = Debug|Win32
		{131B9EEF-9725-30A9-842F-7C244500C1EC}.Debug|Win32.Build.0 = Debug|Win32
		{131B9EEF-9725-30A9-842F-7C244500C1EC}.Debug|x64.ActiveCfg = Debug|x64
		{131B9EEF-9725-30A9-842F-7C244500C1EC}.Debug|x64.Build.0 = Debug|x64
		{131B9EEF-9725-30A9-842F-7C244500C1EC}.Release|Win32.ActiveCfg = Release|Win32
		{131B9EEF-9725-30A9-842F-7C244500C1EC}.Release|Win32.Build.0 = Release|Win32
		{131B9EEF-9725-30A9-842F-7C244500C1EC}.Release|x64.ActiveCfg = Release|x64
		{131B9EEF-9725-30A9-842F-7C244500C1EC}.Release|x64.Build.0 = Release|x64
		{131B9EEF-9725-30A9-842F-7C244500C1EC}.UnitTest|Win32.ActiveCfg = Release|Win32
		{131B9EEF-9725-30A9-842F-7C244500C1EC}.UnitTest|Win32.Build.0 = Release|Win32
		{131B9EEF-9725-30A9-842F-7C244500C1EC}.UnitTest|x64.ActiveCfg = Debug|x64
		{131B9EEF-9725-30A9-842F-7C244500C1EC}.UnitTest|x64.Build.0 = Debug|x64
		{FDDFF1F1-5DC5-4879-8BEE-CF8A6B2EB855}.Debug|Win32.ActiveCfg = Debug|Win32
		{FDDFF1F1-5DC5-4879-8BEE-CF8A6B2EB855}.Debug|Win32.Build.0 = Debug|Win32
		{FDDFF1F1-5DC5-4879-8BEE-CF8A6B2EB855}.Debug|x64.ActiveCfg = Debug|x64
		{FDDFF1F1-5DC5-4879-8BEE-CF8A6B2EB855}.Debug|x64.Build.0 = Debug|x64
		{FDDFF1F1-5DC5-4879-8BEE-CF8A6B2EB855}.Release|Win32.ActiveCfg = Release|Win32
		{FDDFF1F1-5DC5-4879-8BEE-CF8A6B2EB855}.Release|Win32.Build.0 = Release|Win32
		{FDDFF1F1-5DC5-4879-8BEE-CF8A6B2EB855}.Release|x64.ActiveCfg = Release|x64
		{FDDFF1F1-5DC5-4879-8BEE-CF8A6B2EB855}.Release|x64.Build.0 = Release|x64
		{FDDFF1F1-5DC5-4879-8BEE-CF8A6B2EB855}.UnitTest|Win32.ActiveCfg = Release|Win32
		{FDDFF1F1-5DC5-4879-8BEE-CF8A6B2EB855}.UnitTest|Win32.Build.0 = Release|Win32
		{FDDFF1F1-5DC5-4879-8BEE-CF8A6B2EB855}.UnitTest|x64.ActiveCfg = Debug|x64
		{FDDFF1F1-5DC5-4879-8BEE-CF8A6B2EB855}.UnitTest|x64.Build.0 = Debug|x64
		{9092C5CC-3E71-41B3-BF68-4A7BDD8A5476}.Debug|Win32.ActiveCfg = Debug|Win32
		{9092C5CC-3E71-41B3-BF68-4A7BDD8A5476}.Debug|Win32.Build.0 = Debug|Win32
		{9092C5CC-3E71-41B3-BF68-4A7BDD8A5476}.Debug|x64.ActiveCfg = Debug|x64
		{9092C5CC-3E71-41B3-BF68-4A7BDD8A5476}.Debug|x64.Build.0 = Debug|x64
		{9092C5CC-3E71-41B3-BF68-4A7BDD8A5476}.Release|Win32.ActiveCfg = Release|Win32
		{9092C5CC-3E71-41B3-BF68-4A7BDD8A5476}.Release|Win32.Build.0 = Release|Win32
		{9092C5CC-3E71-41B3-BF68-4A7BDD8A5476}.Release|x64.ActiveCfg = Release|x64
		{9092C5CC-3E71-41B3-BF68-4A7BDD8A5476}.Release|x64.Build.0 = Release|x64
		{9092C5CC-3E71-41B3-BF68-4A7BDD8A5476}.UnitTest|Win32.ActiveCfg = Release|Win32
		{9092C5CC-3E71-41B3-BF68-4A7BDD8A5476}.UnitTest|Win32.Build.0 = Release|Win32
		{9092C5CC-3E71-41B3-BF68-4A7BDD8A5476}.UnitTest|x64.ActiveCfg = Debug|x64
		{9092C5CC-3E71-41B3-BF68-4A7BDD8A5476}.UnitTest|x64.Build.0 = Debug|x64
		{31C02A3C-757F-4DCC-8F69-280C43DF14D6}.Debug|Win32.ActiveCfg = Debug|Win32
		{31C02A3C-757F-4DCC-8F69-280C43DF14D6}.Debug|Win32.Build.0 = Debug|Win32
		{31C02A3C-757F-4DCC-8F69-280C43DF14D6}.Debug|x64.ActiveCfg = Debug|x64
		{31C02A3C-757F-4DCC-8F69-280C43DF14D6}.Debug|x64.Build.0 = Debug|x64
		{31C02A3C-757F-4DCC-8F69-280C43DF14D6}.Release|Win32.ActiveCfg = Release|Win32
		{31C02A3C-757F-4DCC-8F69-280C43DF14D6}.Release|Win32.Build.0 = Release|Win32
		{31C02A3C-757F-4DCC-8F69-280C43DF14D6}.Release|x64.ActiveCfg = Release|x64
		{31C02A3C-757F-4DCC-8F69-280C43DF14D6}.Release|x64.Build.0 = Release|x64
		{31C02A3C-757F-4DCC-8F69-280C43DF14D6}.UnitTest|Win32.ActiveCfg = Release|Win32
		{31C02A3C-757F-4DCC-8F69-280C43DF14D6}.UnitTest|Win32.Build.0 = Release|Win32
		{31C02A3C-757F-4DCC-8F69-280C43DF14D6}.UnitTest|x64.ActiveCfg = Debug|x64
		{31C02A3C-757F-4DCC-8F69-280C43DF14D6}.UnitTest|x64.Build.0 = Debug|x64
		{2C895043-853B-3BBA-B2D7-DEDD58611D69}.Debug|Win32.ActiveCfg = Debug|Win32
		{2C895043-853B-3BBA-B2D7-DEDD58611D69}.Debug|Win32.Build.0 = Debug|Win32
		{2C895043-853B-3BBA-B2D7-DEDD58611D69}.Debug|x64.ActiveCfg = Debug|x64
		{2C895043-853B-3BBA-B2D7-DEDD58611D69}.Debug|x64.Build.0 = Debug|x64
		{2C895043-853B-3BBA-B2D7-DEDD58611D69}.Release|Win32.ActiveCfg = Release|Win32
		{2C895043-853B-3BBA-B2D7-DEDD58611D69}.Release|Win32.Build.0 = Release|Win32
		{2C895043-853B-3BBA-B2D7-DEDD58611D69}.Release|x64.ActiveCfg = Release|x64
		{2C895043-853B-3BBA-B2D7-DEDD58611D69}.Release|x64.Build.0 = Release|x64
		{2C895043-853B-3BBA-B2D7-DEDD58611D69}.UnitTest|Win32.ActiveCfg = Release|Win32
		{2C895043-853B-3BBA-B2D7-DEDD58611D69}.UnitTest|Win32.Build.0 = Release|Win32
		{2C895043-853B-3BBA-B2D7-DEDD58611D69}.UnitTest|x64.ActiveCfg = Debug|x64
		{2C895043-853B-3BBA-B2D7-DEDD58611D69}.UnitTest|x64.Build.0 = Debug|x64
		{8BFD8150-94D5-4BF9-8A50-7BD9929A0850}.Debug|Win32.ActiveCfg = Debug|Win32
		{8BFD8150-94D5-4BF9-8A50-7BD9929A0850}.Debug|Win32.Build.0 = Debug|Win32
		{8BFD8150-94D5-4BF9-8A50-7BD9929A0850}.Debug|x64.ActiveCfg = Debug|x64
		{8BFD8150-94D5-4BF9-8A50-7BD9929A0850}.Debug|x64.Build.0 = Debug|x64
		{8BFD8150-94D5-4BF9-8A50-7BD9929A0850}.Release|Win32.ActiveCfg = Release|Win32
		{8BFD8150-94D5-4BF9-8A50-7BD9929A0850}.Release|Win32.Build.0 = Release|Win32
		{8BFD8150-94D5-4BF9-8A50-7BD9929A0850}.Release|x64.ActiveCfg = Release|x64
		{8BFD8150-94D5-4BF9-8A50-7BD9929A0850}.Release|x64.Build.0 = Release|x64
		{8BFD8150-94D5-4BF9-8A50-7BD9929A0850}.UnitTest|Win32.ActiveCfg = Release|Win32
		{8BFD8150-94D5-4BF9-8A50-7BD9929A0850}.UnitTest|Win32.Build.0 = Release|Win32
		{8BFD8150-94D5-4BF9-8A50-7BD9929A0850}.UnitTest|x64.ActiveCfg = Debug|x64
		{8BFD8150-94D5-4BF9-8A50-7BD9929A0850}.UnitTest|x64.Build.0 = Debug|x64
		{12728250-16EC-4DC6-94D7-E21DD88947F8}.Debug|Win32.ActiveCfg = Debug|Win32
		{12728250-16EC-4DC6-94D7-E21DD88947F8}.Debug|Win32.Build.0 = Debug|Win32
		{12728250-16EC-4DC6-94D7-E21DD88947F8}.Debug|x64.ActiveCfg = Debug|x64
		{12728250-16EC-4DC6-94D7-E21DD88947F8}.Debug|x64.Build.0 = Debug|x64
		{12728250-16EC-4DC6-94D7-E21DD88947F8}.Release|Win32.ActiveCfg = Release|Win32
		{12728250-16EC-4DC6-94D7-E21DD88947F8}.Release|Win32.Build.0 = Release|Win32
		{12728250-16EC-4DC6-94D7-E21DD88947F8}.Release|x64.ActiveCfg = Release|x64
		{12728250-16EC-4DC6-94D7-E21DD88947F8}.Release|x64.Build.0 = Release|x64
		{12728250-16EC-4DC6-94D7-E21DD88947F8}.UnitTest|Win32.ActiveCfg = Release|Win32
		{12728250-16EC-4DC6-94D7-E21DD88947F8}.UnitTest|Win32.Build.0 = Release|Win32
		{12728250-16EC-4DC6-94D7-E21DD88947F8}.UnitTest|x64.ActiveCfg = Debug|x64
		{12728250-16EC-4DC6-94D7-E21DD88947F8}.UnitTest|x64.Build.0 = Debug|x64
	EndGlobalSection
	GlobalSection(SolutionProperties) = preSolution
		HideSolutionNode = FALSE
	EndGlobalSection
	GlobalSection(NestedProjects) = preSolution
		{B21147C0-D52F-406C-8C55-22868335ADA3} = {EF455336-F1F0-45EA-8D27-622A00D2D828}
		{131B9EEF-9725-30A9-842F-7C244500C1EC} = {EF455336-F1F0-45EA-8D27-622A00D2D828}
		{FDDFF1F1-5DC5-4879-8BEE-CF8A6B2EB855} = {EF455336-F1F0-45EA-8D27-622A00D2D828}
		{9092C5CC-3E71-41B3-BF68-4A7BDD8A5476} = {EF455336-F1F0-45EA-8D27-622A00D2D828}
		{31C02A3C-757F-4DCC-8F69-280C43DF14D6} = {EF455336-F1F0-45EA-8D27-622A00D2D828}
		{2C895043-853B-3BBA-B2D7-DEDD58611D69} = {EF455336-F1F0-45EA-8D27-622A00D2D828}
		{8BFD8150-94D5-4BF9-8A50-7BD9929A0850} = {EF455336-F1F0-45EA-8D27-622A00D2D828}
		{12728250-16EC-4DC6-94D7-E21DD88947F8} = {EF455336-F1F0-45EA-8D27-622A00D2D828}
	EndGlobalSection
	GlobalSection(ExtensibilityGlobals) = postSolution
		SolutionGuid = {D49C9F03-3BA4-4534-9E6F-66DDAC03C108}
	EndGlobalSection
EndGlobal
