<?xml version="1.0" encoding="utf-8"?>
<Project ToolsVersion="4.0" xmlns="http://schemas.microsoft.com/developer/msbuild/2003">
  <ItemGroup>
    <ClCompile Include="main_stub.cpp" />
  </ItemGroup>
  <ItemGroup>
    <Filter Include="Resource Files">
      <UniqueIdentifier>{798c5c6f-32f7-4319-b1a6-feceb2350b0d}</UniqueIdentifier>
    </Filter>
  </ItemGroup>
  <ItemGroup>
    <ClInclude Include="resource.h">
      <Filter>Resource Files</Filter>
    </ClInclude>
  </ItemGroup>
  <ItemGroup>
    <ResourceCompile Include="resource.rc">
      <Filter>Resource Files</Filter>
    </ResourceCompile>
  </ItemGroup>
  <ItemGroup>
    <Xml Include="manifest.xml">
      <Filter>Resource Files</Filter>
    </Xml>
  </ItemGroup>
  <ItemGroup>
    <Image Include="animation.bmp">
      <Filter>Resource Files</Filter>
    </Image>
    <Image Include="app_test.ico">
      <Filter>Resource Files</Filter>
    </Image>
    <Image Include="compress.ico">
      <Filter>Resource Files</Filter>
    </Image>
    <Image Include="extract.ico">
      <Filter>Resource Files</Filter>
    </Image>
    <Image Include="LhaForge.ico">
      <Filter>Resource Files</Filter>
    </Image>
    <Image Include="list.ico">
      <Filter>Resource Files</Filter>
    </Image>
    <Image Include="sortmark.bmp">
      <Filter>Resource Files</Filter>
    </Image>
    <Image Include="toolbar.bmp">
      <Filter>Resource Files</Filter>
    </Image>
  </ItemGroup>
</Project>